#MicroXplorer Configuration settings - do not modify
Mcu.Family=STM32F4
ProjectManager.MainLocation=Core/Src
PA2.GPIO_PuPd=GPIO_NOPULL
PC7.GPIOParameters=PinState,GPIO_Label,GPIO_ModeDefaultOutputPP
USART2.IPParameters=VirtualMode
RCC.CortexFreq_Value=84000000
TIM1.OCIdleState_1=TIM_OCIDLESTATE_RESET
TIM1.OCIdleState_2=TIM_OCIDLESTATE_RESET
ProjectManager.KeepUserCode=true
Mcu.UserName=STM32F401RETx
TIM1.IPParameters=Prescaler,Period,CounterMode,TIM_MasterSlaveMode,Channel-PWM Generation1 CH1 CH1N,Channel-PWM Generation2 CH2 CH2N,Channel-PWM Generation3 CH3 CH3N,OffStateRunMode,OffStateIDLEMode,DeadTime,AutomaticOutput,BreakState,OCIdleState_1,OCNIdleState_1,OCIdleState_2,OCNIdleState_2,OCIdleState_3,OCNIdleState_3
RCC.PLLCLKFreq_Value=84000000
TIM1.OCIdleState_3=TIM_OCIDLESTATE_RESET
PA14.GPIO_Label=TCK
RCC.PLLQCLKFreq_Value=48000000
PC7.Locked=true
PA3.GPIO_PuPd=GPIO_NOPULL
ProjectManager.functionlistsort=1-MX_GPIO_Init-GPIO-false-HAL-true,2-MX_DMA_Init-DMA-false-HAL-true,3-SystemClock_Config-RCC-false-HAL-false,4-MX_USART2_UART_Init-USART2-false-HAL-true,5-MX_TIM1_Init-TIM1-false-HAL-true,6-MX_TIM3_Init-TIM3-false-HAL-true,7-MX_ADC1_Init-ADC1-false-HAL-true
PA2.GPIO_Speed=GPIO_SPEED_FREQ_LOW
RCC.RTCFreq_Value=32000
PA3.GPIOParameters=GPIO_Speed,GPIO_PuPd,GPIO_Label,GPIO_Mode
PB0.GPIO_Label=BEMF_V
SH.S_TIM1_CH3.ConfNb=1
SH.S_TIM1_CH1.ConfNb=1
PA3.GPIO_Speed=GPIO_SPEED_FREQ_LOW
PB13.Signal=TIM1_CH1N
PA2.GPIOParameters=GPIO_Speed,GPIO_PuPd,GPIO_Label,GPIO_Mode
PinOutPanel.RotationAngle=0
RCC.SYSCLKSource=RCC_SYSCLKSOURCE_PLLCLK
ProjectManager.StackSize=0x400
PB5.GPIOParameters=PinState,GPIO_Label
SH.GPXTI13.0=GPIO_EXTI13
Mcu.IP4=SYS
RCC.FCLKCortexFreq_Value=84000000
Mcu.IP5=TIM1
Mcu.IP2=NVIC
NVIC.SVCall_IRQn=true\:0\:0\:false\:false\:true\:false\:false
Mcu.IP3=RCC
Mcu.IP0=ADC1
Mcu.IP1=DMA
TIM1.Prescaler=42-1
Mcu.UserConstants=
PH0\ -\ OSC_IN.Signal=RCC_OSC_IN
SH.GPXTI13.ConfNb=1
Mcu.ThirdPartyNb=0
PH0\ -\ OSC_IN.Locked=true
RCC.HCLKFreq_Value=84000000
Mcu.IPNb=8
RCC.I2SClocksFreq_Value=96000000
ProjectManager.PreviousToolchain=
RCC.APB2TimFreq_Value=84000000
TIM3.Period=24000-1
Dma.ADC1.0.Direction=DMA_PERIPH_TO_MEMORY
RCC.VcooutputI2S=96000000
ADC1.Channel-2\#ChannelRegularConversion=ADC_CHANNEL_7
PC7.Signal=GPIO_Output
PB5.PinState=GPIO_PIN_SET
TIM1.AutomaticOutput=TIM_AUTOMATICOUTPUT_ENABLE
PC3.Signal=ADCx_IN13
SH.ADCx_IN7.ConfNb=1
Mcu.Pin6=PA2
Mcu.Pin7=PA3
NVIC.DMA2_Stream0_IRQn=true\:0\:0\:false\:false\:true\:false\:true
Mcu.Pin8=PA5
Mcu.Pin9=PA7
Dma.ADC1.0.MemDataAlignment=DMA_MDATAALIGN_WORD
RCC.AHBFreq_Value=84000000
PB13.Locked=true
Mcu.Pin0=PC13-ANTI_TAMP
Mcu.Pin1=PC14-OSC32_IN
GPIO.groupedBy=Group By Peripherals
Mcu.Pin2=PC15-OSC32_OUT
Mcu.Pin3=PH0 - OSC_IN
Mcu.Pin4=PH1 - OSC_OUT
Mcu.Pin5=PC3
ADC1.Channel-0\#ChannelRegularConversion=ADC_CHANNEL_13
ProjectManager.ProjectBuild=false
NVIC.TIM1_TRG_COM_TIM11_IRQn=true\:0\:0\:false\:false\:true\:true\:true
RCC.HSE_VALUE=8000000
NVIC.UsageFault_IRQn=true\:0\:0\:false\:false\:true\:true\:false
NVIC.DebugMonitor_IRQn=true\:0\:0\:false\:false\:true\:true\:false
ADC1.ScanConvMode=ENABLE
PC13-ANTI_TAMP.Signal=GPXTI13
NVIC.SysTick_IRQn=true\:0\:0\:true\:false\:true\:true\:true
ProjectManager.FirmwarePackage=STM32Cube FW_F4 V1.25.2
MxDb.Version=DB.6.0.10
PB0.GPIOParameters=GPIO_Label
ADC1.Rank-2\#ChannelRegularConversion=3
ProjectManager.BackupPrevious=false
PC14-OSC32_IN.Mode=LSE-External-Oscillator
RCC.VCOInputFreq_Value=1000000
PA14.Mode=Serial_Wire
PB14.Mode=PWM Generation2 CH2 CH2N
TIM3.Prescaler=254-1
PA5.GPIO_PuPd=GPIO_NOPULL
Dma.ADC1.0.PeriphInc=DMA_PINC_DISABLE
TIM1.DeadTime=16
File.Version=6
SH.ADCx_IN8.0=ADC1_IN8,IN8
PC7.PinState=GPIO_PIN_SET
SH.ADCx_IN13.ConfNb=1
PB3.GPIOParameters=GPIO_Label
PA8.Signal=S_TIM1_CH1
NVIC.PendSV_IRQn=true\:0\:0\:false\:false\:true\:false\:false
Dma.RequestsNb=1
ProjectManager.HalAssertFull=false
ADC1.SamplingTime-0\#ChannelRegularConversion=ADC_SAMPLETIME_28CYCLES
ProjectManager.ProjectName=BLDC_Motor_BEMF
PA13.GPIOParameters=GPIO_Label
RCC.MCO2PinFreq_Value=84000000
Mcu.Package=LQFP64
PB1.Signal=TIM1_CH3N
PA5.Locked=true
USART2.VirtualMode=VM_ASYNC
PA14.Locked=true
ProjectManager.ToolChainLocation=
PA2.GPIO_Label=USART_TX
RCC.LSI_VALUE=32000
VP_SYS_VS_Systick.Signal=SYS_VS_Systick
PA10.Signal=S_TIM1_CH3
PA5.GPIOParameters=GPIO_Speed,GPIO_PuPd,GPIO_Label,GPIO_Mode
PB5.GPIO_Label=ENABLE
TIM1.BreakState=TIM_BREAK_ENABLE
RCC.APB1TimFreq_Value=84000000
NVIC.BusFault_IRQn=true\:0\:0\:false\:false\:true\:true\:false
Dma.ADC1.0.FIFOMode=DMA_FIFOMODE_DISABLE
TIM1.Period=840-1
PB13.Mode=PWM Generation1 CH1 CH1N
Dma.Request0=ADC1
ADC1.EOCSelection=ADC_EOC_SEQ_CONV
ProjectManager.CustomerFirmwarePackage=
VP_TIM3_VS_ClockSourceINT.Mode=Internal
PC14-OSC32_IN.Locked=true
PB3.Locked=true
PA3.Signal=USART2_RX
PC13-ANTI_TAMP.GPIOParameters=GPIO_PuPd,GPIO_Label,GPIO_ModeDefaultEXTI
PA2.GPIO_Mode=GPIO_MODE_AF_PP
PA2.Locked=true
PB3.GPIO_Label=SWO
PC15-OSC32_OUT.Mode=LSE-External-Oscillator
PC7.GPIO_ModeDefaultOutputPP=GPIO_MODE_OUTPUT_OD
ProjectManager.ProjectFileName=BLDC_Motor_BEMF.ioc
SH.ADCx_IN13.0=ADC1_IN13,IN13
Dma.ADC1.0.Instance=DMA2_Stream0
ADC1.Rank-0\#ChannelRegularConversion=1
TIM1.OffStateIDLEMode=TIM_OSSI_ENABLE
Mcu.PinsNb=24
PC13-ANTI_TAMP.GPIO_PuPd=GPIO_NOPULL
ProjectManager.NoMain=false
PC13-ANTI_TAMP.GPIO_Label=B1 [Blue PushButton]
ADC1.IPParameters=Rank-0\#ChannelRegularConversion,master,Channel-0\#ChannelRegularConversion,SamplingTime-0\#ChannelRegularConversion,NbrOfConversionFlag,ScanConvMode,EOCSelection,NbrOfConversion,DMAContinuousRequests,ExternalTrigConv,Rank-1\#ChannelRegularConversion,Channel-1\#ChannelRegularConversion,SamplingTime-1\#ChannelRegularConversion,Rank-2\#ChannelRegularConversion,Channel-2\#ChannelRegularConversion,SamplingTime-2\#ChannelRegularConversion
TIM1.CounterMode=TIM_COUNTERMODE_CENTERALIGNED1
PH1\ -\ OSC_OUT.Mode=HSE-External-Clock-Source
ProjectManager.DefaultFWLocation=true
TIM1.Channel-PWM\ Generation1\ CH1\ CH1N=TIM_CHANNEL_1
ProjectManager.DeletePrevious=true
PB14.Locked=true
RCC.APB1CLKDivider=RCC_HCLK_DIV2
PC14-OSC32_IN.Signal=RCC_OSC32_IN
boardIOC=true
PH1\ -\ OSC_OUT.Locked=true
ADC1.SamplingTime-2\#ChannelRegularConversion=ADC_SAMPLETIME_28CYCLES
PC3.GPIOParameters=GPIO_Label
PA3.Mode=Asynchronous
PA13.Signal=SYS_JTMS-SWDIO
TIM1.Channel-PWM\ Generation2\ CH2\ CH2N=TIM_CHANNEL_2
Dma.ADC1.0.PeriphDataAlignment=DMA_PDATAALIGN_WORD
PH0\ -\ OSC_IN.Mode=HSE-External-Clock-Source
PC15-OSC32_OUT.Locked=true
SH.S_TIM1_CH1.0=TIM1_CH1,PWM Generation1 CH1 CH1N
ProjectManager.TargetToolchain=STM32CubeIDE
SH.ADCx_IN7.0=ADC1_IN7,IN7
Dma.ADC1.0.Mode=DMA_CIRCULAR
PA3.GPIO_Mode=GPIO_MODE_AF_PP
Dma.ADC1.0.Priority=DMA_PRIORITY_VERY_HIGH
PA9.Signal=S_TIM1_CH2
ADC1.Channel-1\#ChannelRegularConversion=ADC_CHANNEL_8
PB5.Locked=true
TIM1.Channel-PWM\ Generation3\ CH3\ CH3N=TIM_CHANNEL_3
ProjectManager.RegisterCallBack=
VP_TIM3_VS_ClockSourceINT.Signal=TIM3_VS_ClockSourceINT
PC15-OSC32_OUT.Signal=RCC_OSC32_OUT
SH.S_TIM1_CH2.ConfNb=1
RCC.VCOI2SOutputFreq_Value=192000000
PB14.Signal=TIM1_CH2N
PA5.Signal=GPIO_Output
PH1\ -\ OSC_OUT.Signal=RCC_OSC_OUT
board=NUCLEO-F401RE
RCC.VCOOutputFreq_Value=336000000
PC13-ANTI_TAMP.Locked=true
ProjectManager.LastFirmware=true
TIM1.OCNIdleState_3=TIM_OCNIDLESTATE_RESET
TIM1.OCNIdleState_2=TIM_OCNIDLESTATE_RESET
TIM1.OCNIdleState_1=TIM_OCNIDLESTATE_RESET
Dma.ADC1.0.RequestParameters=Instance,Direction,PeriphInc,MemInc,PeriphDataAlignment,MemDataAlignment,Mode,Priority,FIFOMode
RCC.APB2Freq_Value=84000000
MxCube.Version=6.1.1
SH.S_TIM1_CH2.0=TIM1_CH2,PWM Generation2 CH2 CH2N
VP_SYS_VS_Systick.Mode=SysTick
TIM3.IPParameters=Prescaler,Period,TIM_MasterSlaveMode,TIM_MasterOutputTrigger
NVIC.NonMaskableInt_IRQn=true\:0\:0\:false\:false\:true\:true\:false
TIM1.OffStateRunMode=TIM_OSSR_ENABLE
ADC1.DMAContinuousRequests=ENABLE
SH.ADCx_IN8.ConfNb=1
ADC1.NbrOfConversion=3
PA13.Mode=Serial_Wire
ProjectManager.FreePins=false
RCC.IPParameters=48MHZClocksFreq_Value,AHBFreq_Value,APB1CLKDivider,APB1Freq_Value,APB1TimFreq_Value,APB2Freq_Value,APB2TimFreq_Value,CortexFreq_Value,FCLKCortexFreq_Value,HCLKFreq_Value,HSE_VALUE,HSI_VALUE,I2SClocksFreq_Value,LSI_VALUE,MCO2PinFreq_Value,PLLCLKFreq_Value,PLLN,PLLP,PLLQ,PLLQCLKFreq_Value,RTCFreq_Value,RTCHSEDivFreq_Value,SYSCLKFreq_VALUE,SYSCLKSource,VCOI2SOutputFreq_Value,VCOInputFreq_Value,VCOOutputFreq_Value,VcooutputI2S
ProjectManager.AskForMigrate=true
Mcu.Name=STM32F401R(D-E)Tx
RCC.RTCHSEDivFreq_Value=4000000
PA2.Signal=USART2_TX
PA13.GPIO_Label=TMS
ProjectManager.UnderRoot=true
ADC1.ExternalTrigConv=ADC_SOFTWARE_START
PC7.GPIO_Label=SBY_RST
Mcu.IP6=TIM3
Mcu.IP7=USART2
ProjectManager.CoupleFile=true
RCC.48MHZClocksFreq_Value=48000000
PB3.Signal=SYS_JTDO-SWO
ADC1.SamplingTime-1\#ChannelRegularConversion=ADC_SAMPLETIME_28CYCLES
RCC.SYSCLKFreq_VALUE=84000000
PB5.Signal=GPIO_Output
Mcu.Pin22=VP_SYS_VS_Systick
Mcu.Pin23=VP_TIM3_VS_ClockSourceINT
PA7.GPIO_Label=BEMF_W
Mcu.Pin20=PB3
ADC1.master=1
PA3.Locked=true
Mcu.Pin21=PB5
PA5.GPIO_Label=LD2 [Green Led]
NVIC.ForceEnableDMAVector=true
KeepUserPlacement=false
PA14.GPIOParameters=GPIO_Label
NVIC.MemoryManagement_IRQn=true\:0\:0\:false\:false\:true\:true\:false
TIM3.TIM_MasterSlaveMode=TIM_MASTERSLAVEMODE_ENABLE
PA13.Locked=true
ProjectManager.CompilerOptimize=6
PC13-ANTI_TAMP.GPIO_ModeDefaultEXTI=GPIO_MODE_IT_FALLING
ADC1.Rank-1\#ChannelRegularConversion=2
PA14.Signal=SYS_JTCK-SWCLK
Dma.ADC1.0.MemInc=DMA_MINC_ENABLE
ProjectManager.HeapSize=0x200
Mcu.Pin15=PA8
NVIC.HardFault_IRQn=true\:0\:0\:false\:false\:true\:true\:false
PB1.Mode=PWM Generation3 CH3 CH3N
Mcu.Pin16=PA9
Mcu.Pin13=PB14
Mcu.Pin14=PC7
SH.S_TIM1_CH3.0=TIM1_CH3,PWM Generation3 CH3 CH3N
Mcu.Pin19=PA14
NVIC.TIM1_UP_TIM10_IRQn=true\:0\:0\:false\:false\:true\:true\:true
ProjectManager.ComputerToolchain=false
Mcu.Pin17=PA10
RCC.HSI_VALUE=16000000
Mcu.Pin18=PA13
RCC.PLLP=RCC_PLLP_DIV4
PA5.GPIO_Speed=GPIO_SPEED_FREQ_LOW
RCC.PLLQ=7
NVIC.PriorityGroup=NVIC_PRIORITYGROUP_0
ADC1.NbrOfConversionFlag=1
Mcu.Pin11=PB1
Mcu.Pin12=PB13
RCC.PLLN=336
Mcu.Pin10=PB0
PA2.Mode=Asynchronous
PC3.GPIO_Label=BEMF_U
TIM3.TIM_MasterOutputTrigger=TIM_TRGO_UPDATE
RCC.APB1Freq_Value=42000000
PA5.GPIO_Mode=GPIO_MODE_OUTPUT_PP
PB0.Signal=ADCx_IN8
PA7.GPIOParameters=GPIO_Label
ProjectManager.DeviceId=STM32F401RETx
ProjectManager.LibraryCopy=1
TIM1.TIM_MasterSlaveMode=TIM_MASTERSLAVEMODE_DISABLE
PA3.GPIO_Label=USART_RX
PA7.Signal=ADCx_IN7
isbadioc=false
